
Microsoft Visual Studio Solution File, Format Version 12.00
# Visual Studio Version 17
VisualStudioVersion = 17.0.32112.339
MinimumVisualStudioVersion = 10.0.40219.1
Project("{FAE04EC0-301F-11D3-BF4B-00C04F79EFBC}") = "CaseManagement", "CaseManagement\CaseManagement.csproj", "{C1DD431C-D6CA-425B-98E2-AABAE2CADDCE}"
EndProject
Global
	GlobalSection(SolutionConfigurationPlatforms) = preSolution
		Debug|Any CPU = Debug|Any CPU
		Release|Any CPU = Release|Any CPU
	EndGlobalSection
	GlobalSection(ProjectConfigurationPlatforms) = postSolution
		{C1DD431C-D6CA-425B-98E2-AABAE2CADDCE}.Debug|Any CPU.ActiveCfg = Debug|Any CPU
		{C1DD431C-D6CA-425B-98E2-AABAE2CADDCE}.Debug|Any CPU.Build.0 = Debug|Any CPU
		{C1DD431C-D6CA-425B-98E2-AABAE2CADDCE}.Release|Any CPU.ActiveCfg = Release|Any CPU
		{C1DD431C-D6CA-425B-98E2-AABAE2CADDCE}.Release|Any CPU.Build.0 = Release|Any CPU
	EndGlobalSection
	GlobalSection(SolutionProperties) = preSolution
		HideSolutionNode = FALSE
	EndGlobalSection
	GlobalSection(ExtensibilityGlobals) = postSolution
		SolutionGuid = {7A6579F2-E3F4-405D-B83D-88E86E5C8C20}
	EndGlobalSection
EndGlobal
